{
    "requires": true,
    "lockfileVersion": 1,
    "dependencies": {
        "@mdi/font": {
            "version": "6.6.96",
            "resolved": "https://registry.npmjs.org/@mdi/font/-/font-6.6.96.tgz",
            "integrity": "sha512-FbcvG9z17hwZ7IwX5XeOR1UYGoLq+gTKq6XNPvJFuCpn599GdiPCJbAmmDBJb+jMYXjKYr0lCxfouWGxDA82sA=="
        },
        "perfect-scrollbar": {
            "version": "1.5.5",
            "resolved": "https://registry.npmjs.org/perfect-scrollbar/-/perfect-scrollbar-1.5.5.tgz",
            "integrity": "sha512-dzalfutyP3e/FOpdlhVryN4AJ5XDVauVWxybSkLZmakFE2sS3y3pc4JnSprw8tGmHvkaG5Edr5T7LBTZ+WWU2g=="
        }
    }
}
